
Microsoft Visual Studio Solution File, Format Version 12.00
# Visual Studio Version 17
VisualStudioVersion = 17.6.33712.159
MinimumVisualStudioVersion = 10.0.40219.1
Project("{FAE04EC0-301F-11D3-BF4B-00C04F79EFBC}") = "CheckForSubstrings", "CheckForSubstrings\CheckForSubstrings.csproj", "{D72A7565-5E3D-4E64-B162-CAD8AEE34FB3}"
EndProject
Global
	GlobalSection(SolutionConfigurationPlatforms) = preSolution
		Debug|Any CPU = Debug|Any CPU
		Release|Any CPU = Release|Any CPU
	EndGlobalSection
	GlobalSection(ProjectConfigurationPlatforms) = postSolution
		{D72A7565-5E3D-4E64-B162-CAD8AEE34FB3}.Debug|Any CPU.ActiveCfg = Debug|Any CPU
		{D72A7565-5E3D-4E64-B162-CAD8AEE34FB3}.Debug|Any CPU.Build.0 = Debug|Any CPU
		{D72A7565-5E3D-4E64-B162-CAD8AEE34FB3}.Release|Any CPU.ActiveCfg = Release|Any CPU
		{D72A7565-5E3D-4E64-B162-CAD8AEE34FB3}.Release|Any CPU.Build.0 = Release|Any CPU
	EndGlobalSection
	GlobalSection(SolutionProperties) = preSolution
		HideSolutionNode = FALSE
	EndGlobalSection
	GlobalSection(ExtensibilityGlobals) = postSolution
		SolutionGuid = {BF204780-F28D-46EF-B8CD-2CFA5F48AC03}
	EndGlobalSection
EndGlobal
